{
  "name": "cppmsg",
  "version": "1.2.1",
  "lockfileVersion": 3,
  "requires": true,
  "packages": {
    "": {
      "name": "cppmsg",
      "version": "1.2.1",
      "license": "MIT",
      "dependencies": {
        "iconv-lite": "^0.7.0"
      },
      "devDependencies": {
        "@types/node": "^20.x",
        "oxfmt": "^0.15.0",
        "oxlint": "^1.30.0"
      },
      "engines": {
        "node": ">=8.9.0"
      }
    },
    "node_modules/@oxfmt/darwin-arm64": {
      "version": "0.15.0",
      "resolved": "https://registry.npmmirror.com/@oxfmt/darwin-arm64/-/darwin-arm64-0.15.0.tgz",
      "integrity": "sha512-M5xiXkqtwG/1yVlNZJaXeFJGs1jVTT7Q6gfdIU3nO8wXIj0lsfcirc55XPObWohA8T73oLh3Cp1oSQluxVXQrQ==",
      "cpu": [
        "arm64"
      ],
      "dev": true,
      "license": "MIT",
      "optional": true,
      "os": [
        "darwin"
      ]
    },
    "node_modules/@oxfmt/darwin-x64": {
      "version": "0.15.0",
      "resolved": "https://registry.npmmirror.com/@oxfmt/darwin-x64/-/darwin-x64-0.15.0.tgz",
      "integrity": "sha512-HXBZBV1oqmZWcmXXQE+zXNpe8nOXyeY9oLeW6KfflR1HCicR75Tmer6Y5/euVOb/mDfegkkjReRoQnYxJ6CmtQ==",
      "cpu": [
        "x64"
      ],
      "dev": true,
      "license": "MIT",
      "optional": true,
      "os": [
        "darwin"
      ]
    },
    "node_modules/@oxfmt/linux-arm64-gnu": {
      "version": "0.15.0",
      "resolved": "https://registry.npmmirror.com/@oxfmt/linux-arm64-gnu/-/linux-arm64-gnu-0.15.0.tgz",
      "integrity": "sha512-udaMrO+a6XFCtr0wPMHNFxyYD824y0FzjMrll77P8t2jDxiNAwbEzbz7SU0VKSEH36K62bgS2Dn/yfWedXQFrQ==",
      "cpu": [
        "arm64"
      ],
      "dev": true,
      "license": "MIT",
      "optional": true,
      "os": [
        "linux"
      ]
    },
    "node_modules/@oxfmt/linux-arm64-musl": {
      "version": "0.15.0",
      "resolved": "https://registry.npmmirror.com/@oxfmt/linux-arm64-musl/-/linux-arm64-musl-0.15.0.tgz",
      "integrity": "sha512-HHFSA5bL60DG2QjI9KnkCCImdBitLoun1LGitMpI9SQDYeKezDr8rz4IQWeE2h45dWltFFm5fONh6cwSLFeHOQ==",
      "cpu": [
        "arm64"
      ],
      "dev": true,
      "license": "MIT",
      "optional": true,
      "os": [
        "linux"
      ]
    },
    "node_modules/@oxfmt/linux-x64-gnu": {
      "version": "0.15.0",
      "resolved": "https://registry.npmmirror.com/@oxfmt/linux-x64-gnu/-/linux-x64-gnu-0.15.0.tgz",
      "integrity": "sha512-M1dN2Erxd5d5e/YP19Rv6TsDiHAgeAydOX/Qr42/CQfP93edohFOXvZsgthEGQVKNcc45SNDd2Fscx3szw68iA==",
      "cpu": [
        "x64"
      ],
      "dev": true,
      "license": "MIT",
      "optional": true,
      "os": [
        "linux"
      ]
    },
    "node_modules/@oxfmt/linux-x64-musl": {
      "version": "0.15.0",
      "resolved": "https://registry.npmmirror.com/@oxfmt/linux-x64-musl/-/linux-x64-musl-0.15.0.tgz",
      "integrity": "sha512-Y7f+Daz9/Hnmtkja6Va0E8iYYSSV4RGyIz8FD2flfd3BIA1TOVOYwlmkAFQkBUhwuIDsYOtsWcAXJAf8cWiAEw==",
      "cpu": [
        "x64"
      ],
      "dev": true,
      "license": "MIT",
      "optional": true,
      "os": [
        "linux"
      ]
    },
    "node_modules/@oxfmt/win32-arm64": {
      "version": "0.15.0",
      "resolved": "https://registry.npmmirror.com/@oxfmt/win32-arm64/-/win32-arm64-0.15.0.tgz",
      "integrity": "sha512-IhrYWgy9yF5tynkScyiQEiTxvEXVo8L++JuIIv36p2Vdk7wPNtfq1tHSiu1nrUw33idjsWZ0QsP6Sx2e+48s0A==",
      "cpu": [
        "arm64"
      ],
      "dev": true,
      "license": "MIT",
      "optional": true,
      "os": [
        "win32"
      ]
    },
    "node_modules/@oxfmt/win32-x64": {
      "version": "0.15.0",
      "resolved": "https://registry.npmmirror.com/@oxfmt/win32-x64/-/win32-x64-0.15.0.tgz",
      "integrity": "sha512-ngMLVe0UxjKtjZ79MYp0qJDolltFOAFp511Tfr89nVv077cQosqZ0Sx7hmIQLA0G+wyADfG/UMNcpPVyC/Msig==",
      "cpu": [
        "x64"
      ],
      "dev": true,
      "license": "MIT",
      "optional": true,
      "os": [
        "win32"
      ]
    },
    "node_modules/@oxlint/darwin-arm64": {
      "version": "1.31.0",
      "resolved": "https://registry.npmmirror.com/@oxlint/darwin-arm64/-/darwin-arm64-1.31.0.tgz",
      "integrity": "sha512-HqoYNH5WFZRdqGUROTFGOdBcA9y/YdHNoR/ujlyVO53it+q96dujbgKEvlff/WEuo4LbDKBrKLWKTKvOd/VYdg==",
      "cpu": [
        "arm64"
      ],
      "dev": true,
      "license": "MIT",
      "optional": true,
      "os": [
        "darwin"
      ]
    },
    "node_modules/@oxlint/darwin-x64": {
      "version": "1.31.0",
      "resolved": "https://registry.npmmirror.com/@oxlint/darwin-x64/-/darwin-x64-1.31.0.tgz",
      "integrity": "sha512-gNq+JQXBCkYKQhmJEgSNjuPqmdL8yBEX3v0sueLH3g5ym4OIrNO7ml1M7xzCs0zhINQCR9MsjMJMyBNaF1ed+g==",
      "cpu": [
        "x64"
      ],
      "dev": true,
      "license": "MIT",
      "optional": true,
      "os": [
        "darwin"
      ]
    },
    "node_modules/@oxlint/linux-arm64-gnu": {
      "version": "1.31.0",
      "resolved": "https://registry.npmmirror.com/@oxlint/linux-arm64-gnu/-/linux-arm64-gnu-1.31.0.tgz",
      "integrity": "sha512-cRmttpr3yHPwbrvtPNlv+0Zw2Oeh0cU902iMI4fFW9ylbW/vUAcz6DvzGMCYZbII8VDiwQ453SV5AA8xBgMbmw==",
      "cpu": [
        "arm64"
      ],
      "dev": true,
      "license": "MIT",
      "optional": true,
      "os": [
        "linux"
      ]
    },
    "node_modules/@oxlint/linux-arm64-musl": {
      "version": "1.31.0",
      "resolved": "https://registry.npmmirror.com/@oxlint/linux-arm64-musl/-/linux-arm64-musl-1.31.0.tgz",
      "integrity": "sha512-0p7vn0hdMdNPIUzemw8f1zZ2rRZ/963EkK3o4P0KUXOPgleo+J9ZIPH7gcHSHtyrNaBifN03wET1rH4SuWQYnA==",
      "cpu": [
        "arm64"
      ],
      "dev": true,
      "license": "MIT",
      "optional": true,
      "os": [
        "linux"
      ]
    },
    "node_modules/@oxlint/linux-x64-gnu": {
      "version": "1.31.0",
      "resolved": "https://registry.npmmirror.com/@oxlint/linux-x64-gnu/-/linux-x64-gnu-1.31.0.tgz",
      "integrity": "sha512-vNIbpSwQ4dwN0CUmojG7Y91O3CXOf0Kno7DSTshk/JJR4+u8HNVuYVjX2qBRk0OMc4wscJbEd7wJCl0VJOoCOw==",
      "cpu": [
        "x64"
      ],
      "dev": true,
      "license": "MIT",
      "optional": true,
      "os": [
        "linux"
      ]
    },
    "node_modules/@oxlint/linux-x64-musl": {
      "version": "1.31.0",
      "resolved": "https://registry.npmmirror.com/@oxlint/linux-x64-musl/-/linux-x64-musl-1.31.0.tgz",
      "integrity": "sha512-4avnH09FJRTOT2cULdDPG0s14C+Ku4cnbNye6XO7rsiX6Bprz+aQblLA+1WLOr7UfC/0zF+jnZ9K5VyBBJy9Kw==",
      "cpu": [
        "x64"
      ],
      "dev": true,
      "license": "MIT",
      "optional": true,
      "os": [
        "linux"
      ]
    },
    "node_modules/@oxlint/win32-arm64": {
      "version": "1.31.0",
      "resolved": "https://registry.npmmirror.com/@oxlint/win32-arm64/-/win32-arm64-1.31.0.tgz",
      "integrity": "sha512-mQaD5H93OUpxiGjC518t5wLQikf0Ur5mQEKO2VoTlkp01gqmrQ+hyCLOzABlsAIAeDJD58S9JwNOw4KFFnrqdw==",
      "cpu": [
        "arm64"
      ],
      "dev": true,
      "license": "MIT",
      "optional": true,
      "os": [
        "win32"
      ]
    },
    "node_modules/@oxlint/win32-x64": {
      "version": "1.31.0",
      "resolved": "https://registry.npmmirror.com/@oxlint/win32-x64/-/win32-x64-1.31.0.tgz",
      "integrity": "sha512-AS/h58HfloccRlVs7P3zbyZfxNS62JuE8/3fYGjkiRlR1ZoDxdqmz5QgLEn+YxxFUTMmclGAPMFHg9z2Pk315A==",
      "cpu": [
        "x64"
      ],
      "dev": true,
      "license": "MIT",
      "optional": true,
      "os": [
        "win32"
      ]
    },
    "node_modules/@types/node": {
      "version": "20.19.25",
      "resolved": "https://registry.npmmirror.com/@types/node/-/node-20.19.25.tgz",
      "integrity": "sha512-ZsJzA5thDQMSQO788d7IocwwQbI8B5OPzmqNvpf3NY/+MHDAS759Wo0gd2WQeXYt5AAAQjzcrTVC6SKCuYgoCQ==",
      "dev": true,
      "license": "MIT",
      "dependencies": {
        "undici-types": "~6.21.0"
      }
    },
    "node_modules/iconv-lite": {
      "version": "0.7.0",
      "resolved": "https://registry.npmmirror.com/iconv-lite/-/iconv-lite-0.7.0.tgz",
      "integrity": "sha512-cf6L2Ds3h57VVmkZe+Pn+5APsT7FpqJtEhhieDCvrE2MK5Qk9MyffgQyuxQTm6BChfeZNtcOLHp9IcWRVcIcBQ==",
      "license": "MIT",
      "dependencies": {
        "safer-buffer": ">= 2.1.2 < 3.0.0"
      },
      "engines": {
        "node": ">=0.10.0"
      },
      "funding": {
        "type": "opencollective",
        "url": "https://opencollective.com/express"
      }
    },
    "node_modules/oxfmt": {
      "version": "0.15.0",
      "resolved": "https://registry.npmmirror.com/oxfmt/-/oxfmt-0.15.0.tgz",
      "integrity": "sha512-WOPBsZteu/H7t+3UGuEDyYi87+v2H96zyBwrEIwq4SEAt8P3bL6velrvs71V6aOpxjLcIPAnKjXeHScvFImI4w==",
      "dev": true,
      "license": "MIT",
      "bin": {
        "oxfmt": "bin/oxfmt"
      },
      "engines": {
        "node": "^20.19.0 || >=22.12.0"
      },
      "funding": {
        "url": "https://github.com/sponsors/Boshen"
      },
      "optionalDependencies": {
        "@oxfmt/darwin-arm64": "0.15.0",
        "@oxfmt/darwin-x64": "0.15.0",
        "@oxfmt/linux-arm64-gnu": "0.15.0",
        "@oxfmt/linux-arm64-musl": "0.15.0",
        "@oxfmt/linux-x64-gnu": "0.15.0",
        "@oxfmt/linux-x64-musl": "0.15.0",
        "@oxfmt/win32-arm64": "0.15.0",
        "@oxfmt/win32-x64": "0.15.0"
      }
    },
    "node_modules/oxlint": {
      "version": "1.31.0",
      "resolved": "https://registry.npmmirror.com/oxlint/-/oxlint-1.31.0.tgz",
      "integrity": "sha512-U+Z3VShi1zuLF2Hz/pm4vWJUBm5sDHjwSzj340tz4tS2yXg9H5PTipsZv+Yu/alg6Z7EM2cZPKGNBZAvmdfkQg==",
      "dev": true,
      "license": "MIT",
      "bin": {
        "oxc_language_server": "bin/oxc_language_server",
        "oxlint": "bin/oxlint"
      },
      "engines": {
        "node": "^20.19.0 || >=22.12.0"
      },
      "funding": {
        "url": "https://github.com/sponsors/Boshen"
      },
      "optionalDependencies": {
        "@oxlint/darwin-arm64": "1.31.0",
        "@oxlint/darwin-x64": "1.31.0",
        "@oxlint/linux-arm64-gnu": "1.31.0",
        "@oxlint/linux-arm64-musl": "1.31.0",
        "@oxlint/linux-x64-gnu": "1.31.0",
        "@oxlint/linux-x64-musl": "1.31.0",
        "@oxlint/win32-arm64": "1.31.0",
        "@oxlint/win32-x64": "1.31.0"
      },
      "peerDependencies": {
        "oxlint-tsgolint": ">=0.8.1"
      },
      "peerDependenciesMeta": {
        "oxlint-tsgolint": {
          "optional": true
        }
      }
    },
    "node_modules/safer-buffer": {
      "version": "2.1.2",
      "resolved": "https://registry.npmjs.org/safer-buffer/-/safer-buffer-2.1.2.tgz",
      "integrity": "sha512-YZo3K82SD7Riyi0E1EQPojLz7kpepnSQI9IyPbHHg1XXXevb5dJI7tpyN2ADxGcQbHG7vcyRHk0cbwqcQriUtg=="
    },
    "node_modules/undici-types": {
      "version": "6.21.0",
      "resolved": "https://registry.npmmirror.com/undici-types/-/undici-types-6.21.0.tgz",
      "integrity": "sha512-iwDZqg0QAGrg9Rav5H4n0M64c3mkR59cJ6wQp+7C4nI0gsmExaedaYLNO44eT4AtBBwjbTiGPMlt2Md0T9H9JQ==",
      "dev": true,
      "license": "MIT"
    }
  }
}
